// !$*UTF8*$!
{
	archiveVersion = 1;
	classes = {
	};
	objectVersion = 50;
	objects = {

/* Begin PBXBuildFile section */
		2D02DD56DF5558C8DA155303 /* Pods_MoneysUITests.framework in Frameworks */ = {isa = PBXBuildFile; fileRef = DEAB90E4AE1FD1B3C26566C6 /* Pods_MoneysUITests.framework */; };
		7057A490220F5DE2009F2F0D /* MoneysTests.swift in Sources */ = {isa = PBXBuildFile; fileRef = 7057A48F220F5DE2009F2F0D /* MoneysTests.swift */; };
		7057A49B220F5DE2009F2F0D /* MoneysUITests.swift in Sources */ = {isa = PBXBuildFile; fileRef = 7057A49A220F5DE2009F2F0D /* MoneysUITests.swift */; };
		7057A4C6220F5E4B009F2F0D /* HomeInteractor.swift in Sources */ = {isa = PBXBuildFile; fileRef = 7057A4AD220F5E4B009F2F0D /* HomeInteractor.swift */; };
		7057A4C7220F5E4B009F2F0D /* HomeViewController.swift in Sources */ = {isa = PBXBuildFile; fileRef = 7057A4AE220F5E4B009F2F0D /* HomeViewController.swift */; };
		7057A4C8220F5E4B009F2F0D /* HomeRouter.swift in Sources */ = {isa = PBXBuildFile; fileRef = 7057A4AF220F5E4B009F2F0D /* HomeRouter.swift */; };
		7057A4C9220F5E4B009F2F0D /* HomeBuilder.swift in Sources */ = {isa = PBXBuildFile; fileRef = 7057A4B0220F5E4B009F2F0D /* HomeBuilder.swift */; };
		7057A4CA220F5E4B009F2F0D /* CardView.swift in Sources */ = {isa = PBXBuildFile; fileRef = 7057A4B2220F5E4B009F2F0D /* CardView.swift */; };
		7057A4CB220F5E4B009F2F0D /* CardTableViewCell.swift in Sources */ = {isa = PBXBuildFile; fileRef = 7057A4B3220F5E4B009F2F0D /* CardTableViewCell.swift */; };
		7057A4CC220F5E4B009F2F0D /* LoggedInBuilder.swift in Sources */ = {isa = PBXBuildFile; fileRef = 7057A4B5220F5E4B009F2F0D /* LoggedInBuilder.swift */; };
		7057A4CD220F5E4B009F2F0D /* LoggedInRouter.swift in Sources */ = {isa = PBXBuildFile; fileRef = 7057A4B6220F5E4B009F2F0D /* LoggedInRouter.swift */; };
		7057A4CE220F5E4B009F2F0D /* LoggedInInteractor.swift in Sources */ = {isa = PBXBuildFile; fileRef = 7057A4B7220F5E4B009F2F0D /* LoggedInInteractor.swift */; };
		7057A4CF220F5E4B009F2F0D /* RootInteractor.swift in Sources */ = {isa = PBXBuildFile; fileRef = 7057A4B9220F5E4B009F2F0D /* RootInteractor.swift */; };
		7057A4D0220F5E4B009F2F0D /* RootViewController.swift in Sources */ = {isa = PBXBuildFile; fileRef = 7057A4BA220F5E4B009F2F0D /* RootViewController.swift */; };
		7057A4D1220F5E4B009F2F0D /* RootComponent+LoggedIn.swift in Sources */ = {isa = PBXBuildFile; fileRef = 7057A4BB220F5E4B009F2F0D /* RootComponent+LoggedIn.swift */; };
		7057A4D2220F5E4B009F2F0D /* RootRouter.swift in Sources */ = {isa = PBXBuildFile; fileRef = 7057A4BC220F5E4B009F2F0D /* RootRouter.swift */; };
		7057A4D3220F5E4B009F2F0D /* RootBuilder.swift in Sources */ = {isa = PBXBuildFile; fileRef = 7057A4BD220F5E4B009F2F0D /* RootBuilder.swift */; };
		7057A4D4220F5E4B009F2F0D /* AppComponent.swift in Sources */ = {isa = PBXBuildFile; fileRef = 7057A4C0220F5E4B009F2F0D /* AppComponent.swift */; };
		7057A4D5220F5E4B009F2F0D /* AppDelegate.swift in Sources */ = {isa = PBXBuildFile; fileRef = 7057A4C1220F5E4B009F2F0D /* AppDelegate.swift */; };
		7057A4D7220F5E4B009F2F0D /* View.swift in Sources */ = {isa = PBXBuildFile; fileRef = 7057A4C5220F5E4B009F2F0D /* View.swift */; };
		7057A514220F5FC9009F2F0D /* Assets.xcassets in Resources */ = {isa = PBXBuildFile; fileRef = 7057A512220F5FC9009F2F0D /* Assets.xcassets */; };
		7057A515220F5FC9009F2F0D /* LaunchScreen.storyboard in Resources */ = {isa = PBXBuildFile; fileRef = 7057A513220F5FC9009F2F0D /* LaunchScreen.storyboard */; };
		AD120EF2AF79DF5D640FD319 /* Pods_MoneysTests.framework in Frameworks */ = {isa = PBXBuildFile; fileRef = 4008A62C9853BCDFD59D4D83 /* Pods_MoneysTests.framework */; };
		E54878D519CA6FCD357328B3 /* Pods_Moneys.framework in Frameworks */ = {isa = PBXBuildFile; fileRef = 2D75CD84BDEFDD86D2C6BCCE /* Pods_Moneys.framework */; };
/* End PBXBuildFile section */

/* Begin PBXContainerItemProxy section */
		7057A48C220F5DE2009F2F0D /* PBXContainerItemProxy */ = {
			isa = PBXContainerItemProxy;
			containerPortal = 7057A46F220F5DE1009F2F0D /* Project object */;
			proxyType = 1;
			remoteGlobalIDString = 7057A476220F5DE2009F2F0D;
			remoteInfo = Moneys;
		};
		7057A497220F5DE2009F2F0D /* PBXContainerItemProxy */ = {
			isa = PBXContainerItemProxy;
			containerPortal = 7057A46F220F5DE1009F2F0D /* Project object */;
			proxyType = 1;
			remoteGlobalIDString = 7057A476220F5DE2009F2F0D;
			remoteInfo = Moneys;
		};
/* End PBXContainerItemProxy section */

/* Begin PBXFileReference section */
		01051AC10737E4CFE10AFFF5 /* Pods-Moneys.debug.xcconfig */ = {isa = PBXFileReference; includeInIndex = 1; lastKnownFileType = text.xcconfig; name = "Pods-Moneys.debug.xcconfig"; path = "Pods/Target Support Files/Pods-Moneys/Pods-Moneys.debug.xcconfig"; sourceTree = "<group>"; };
		2D75CD84BDEFDD86D2C6BCCE /* Pods_Moneys.framework */ = {isa = PBXFileReference; explicitFileType = wrapper.framework; includeInIndex = 0; path = Pods_Moneys.framework; sourceTree = BUILT_PRODUCTS_DIR; };
		4008A62C9853BCDFD59D4D83 /* Pods_MoneysTests.framework */ = {isa = PBXFileReference; explicitFileType = wrapper.framework; includeInIndex = 0; path = Pods_MoneysTests.framework; sourceTree = BUILT_PRODUCTS_DIR; };
		7057A477220F5DE2009F2F0D /* Moneys.app */ = {isa = PBXFileReference; explicitFileType = wrapper.application; includeInIndex = 0; path = Moneys.app; sourceTree = BUILT_PRODUCTS_DIR; };
		7057A48B220F5DE2009F2F0D /* MoneysTests.xctest */ = {isa = PBXFileReference; explicitFileType = wrapper.cfbundle; includeInIndex = 0; path = MoneysTests.xctest; sourceTree = BUILT_PRODUCTS_DIR; };
		7057A48F220F5DE2009F2F0D /* MoneysTests.swift */ = {isa = PBXFileReference; lastKnownFileType = sourcecode.swift; path = MoneysTests.swift; sourceTree = "<group>"; };
		7057A491220F5DE2009F2F0D /* Info.plist */ = {isa = PBXFileReference; lastKnownFileType = text.plist.xml; path = Info.plist; sourceTree = "<group>"; };
		7057A496220F5DE2009F2F0D /* MoneysUITests.xctest */ = {isa = PBXFileReference; explicitFileType = wrapper.cfbundle; includeInIndex = 0; path = MoneysUITests.xctest; sourceTree = BUILT_PRODUCTS_DIR; };
		7057A49A220F5DE2009F2F0D /* MoneysUITests.swift */ = {isa = PBXFileReference; lastKnownFileType = sourcecode.swift; path = MoneysUITests.swift; sourceTree = "<group>"; };
		7057A49C220F5DE2009F2F0D /* Info.plist */ = {isa = PBXFileReference; lastKnownFileType = text.plist.xml; path = Info.plist; sourceTree = "<group>"; };
		7057A4AD220F5E4B009F2F0D /* HomeInteractor.swift */ = {isa = PBXFileReference; fileEncoding = 4; lastKnownFileType = sourcecode.swift; path = HomeInteractor.swift; sourceTree = "<group>"; };
		7057A4AE220F5E4B009F2F0D /* HomeViewController.swift */ = {isa = PBXFileReference; fileEncoding = 4; lastKnownFileType = sourcecode.swift; path = HomeViewController.swift; sourceTree = "<group>"; };
		7057A4AF220F5E4B009F2F0D /* HomeRouter.swift */ = {isa = PBXFileReference; fileEncoding = 4; lastKnownFileType = sourcecode.swift; path = HomeRouter.swift; sourceTree = "<group>"; };
		7057A4B0220F5E4B009F2F0D /* HomeBuilder.swift */ = {isa = PBXFileReference; fileEncoding = 4; lastKnownFileType = sourcecode.swift; path = HomeBuilder.swift; sourceTree = "<group>"; };
		7057A4B2220F5E4B009F2F0D /* CardView.swift */ = {isa = PBXFileReference; fileEncoding = 4; lastKnownFileType = sourcecode.swift; path = CardView.swift; sourceTree = "<group>"; };
		7057A4B3220F5E4B009F2F0D /* CardTableViewCell.swift */ = {isa = PBXFileReference; fileEncoding = 4; lastKnownFileType = sourcecode.swift; path = CardTableViewCell.swift; sourceTree = "<group>"; };
		7057A4B5220F5E4B009F2F0D /* LoggedInBuilder.swift */ = {isa = PBXFileReference; fileEncoding = 4; lastKnownFileType = sourcecode.swift; path = LoggedInBuilder.swift; sourceTree = "<group>"; };
		7057A4B6220F5E4B009F2F0D /* LoggedInRouter.swift */ = {isa = PBXFileReference; fileEncoding = 4; lastKnownFileType = sourcecode.swift; path = LoggedInRouter.swift; sourceTree = "<group>"; };
		7057A4B7220F5E4B009F2F0D /* LoggedInInteractor.swift */ = {isa = PBXFileReference; fileEncoding = 4; lastKnownFileType = sourcecode.swift; path = LoggedInInteractor.swift; sourceTree = "<group>"; };
		7057A4B9220F5E4B009F2F0D /* RootInteractor.swift */ = {isa = PBXFileReference; fileEncoding = 4; lastKnownFileType = sourcecode.swift; path = RootInteractor.swift; sourceTree = "<group>"; };
		7057A4BA220F5E4B009F2F0D /* RootViewController.swift */ = {isa = PBXFileReference; fileEncoding = 4; lastKnownFileType = sourcecode.swift; path = RootViewController.swift; sourceTree = "<group>"; };
		7057A4BB220F5E4B009F2F0D /* RootComponent+LoggedIn.swift */ = {isa = PBXFileReference; fileEncoding = 4; lastKnownFileType = sourcecode.swift; path = "RootComponent+LoggedIn.swift"; sourceTree = "<group>"; };
		7057A4BC220F5E4B009F2F0D /* RootRouter.swift */ = {isa = PBXFileReference; fileEncoding = 4; lastKnownFileType = sourcecode.swift; path = RootRouter.swift; sourceTree = "<group>"; };
		7057A4BD220F5E4B009F2F0D /* RootBuilder.swift */ = {isa = PBXFileReference; fileEncoding = 4; lastKnownFileType = sourcecode.swift; path = RootBuilder.swift; sourceTree = "<group>"; };
		7057A4C0220F5E4B009F2F0D /* AppComponent.swift */ = {isa = PBXFileReference; fileEncoding = 4; lastKnownFileType = sourcecode.swift; path = AppComponent.swift; sourceTree = "<group>"; };
		7057A4C1220F5E4B009F2F0D /* AppDelegate.swift */ = {isa = PBXFileReference; fileEncoding = 4; lastKnownFileType = sourcecode.swift; path = AppDelegate.swift; sourceTree = "<group>"; };
		7057A4C2220F5E4B009F2F0D /* Info.plist */ = {isa = PBXFileReference; fileEncoding = 4; lastKnownFileType = text.plist.xml; path = Info.plist; sourceTree = "<group>"; };
		7057A4C5220F5E4B009F2F0D /* View.swift */ = {isa = PBXFileReference; fileEncoding = 4; lastKnownFileType = sourcecode.swift; path = View.swift; sourceTree = "<group>"; };
		7057A512220F5FC9009F2F0D /* Assets.xcassets */ = {isa = PBXFileReference; lastKnownFileType = folder.assetcatalog; path = Assets.xcassets; sourceTree = "<group>"; };
		7057A513220F5FC9009F2F0D /* LaunchScreen.storyboard */ = {isa = PBXFileReference; fileEncoding = 4; lastKnownFileType = file.storyboard; path = LaunchScreen.storyboard; sourceTree = "<group>"; };
		A934F5115AFC4417C76FDE34 /* Pods-MoneysUITests.debug.xcconfig */ = {isa = PBXFileReference; includeInIndex = 1; lastKnownFileType = text.xcconfig; name = "Pods-MoneysUITests.debug.xcconfig"; path = "Pods/Target Support Files/Pods-MoneysUITests/Pods-MoneysUITests.debug.xcconfig"; sourceTree = "<group>"; };
		AF006613C6DFD981DE84589B /* Pods-MoneysTests.release.xcconfig */ = {isa = PBXFileReference; includeInIndex = 1; lastKnownFileType = text.xcconfig; name = "Pods-MoneysTests.release.xcconfig"; path = "Pods/Target Support Files/Pods-MoneysTests/Pods-MoneysTests.release.xcconfig"; sourceTree = "<group>"; };
		BB2ED59CED803FC70C9B0725 /* Pods-Moneys.release.xcconfig */ = {isa = PBXFileReference; includeInIndex = 1; lastKnownFileType = text.xcconfig; name = "Pods-Moneys.release.xcconfig"; path = "Pods/Target Support Files/Pods-Moneys/Pods-Moneys.release.xcconfig"; sourceTree = "<group>"; };
		C1A855CF9F4EB042B4A638A2 /* Pods-MoneysUITests.release.xcconfig */ = {isa = PBXFileReference; includeInIndex = 1; lastKnownFileType = text.xcconfig; name = "Pods-MoneysUITests.release.xcconfig"; path = "Pods/Target Support Files/Pods-MoneysUITests/Pods-MoneysUITests.release.xcconfig"; sourceTree = "<group>"; };
		CA72873804064D625935CD59 /* Pods-MoneysTests.debug.xcconfig */ = {isa = PBXFileReference; includeInIndex = 1; lastKnownFileType = text.xcconfig; name = "Pods-MoneysTests.debug.xcconfig"; path = "Pods/Target Support Files/Pods-MoneysTests/Pods-MoneysTests.debug.xcconfig"; sourceTree = "<group>"; };
		DEAB90E4AE1FD1B3C26566C6 /* Pods_MoneysUITests.framework */ = {isa = PBXFileReference; explicitFileType = wrapper.framework; includeInIndex = 0; path = Pods_MoneysUITests.framework; sourceTree = BUILT_PRODUCTS_DIR; };
/* End PBXFileReference section */

/* Begin PBXFrameworksBuildPhase section */
		7057A474220F5DE2009F2F0D /* Frameworks */ = {
			isa = PBXFrameworksBuildPhase;
			buildActionMask = 2147483647;
			files = (
				E54878D519CA6FCD357328B3 /* Pods_Moneys.framework in Frameworks */,
			);
			runOnlyForDeploymentPostprocessing = 0;
		};
		7057A488220F5DE2009F2F0D /* Frameworks */ = {
			isa = PBXFrameworksBuildPhase;
			buildActionMask = 2147483647;
			files = (
				AD120EF2AF79DF5D640FD319 /* Pods_MoneysTests.framework in Frameworks */,
			);
			runOnlyForDeploymentPostprocessing = 0;
		};
		7057A493220F5DE2009F2F0D /* Frameworks */ = {
			isa = PBXFrameworksBuildPhase;
			buildActionMask = 2147483647;
			files = (
				2D02DD56DF5558C8DA155303 /* Pods_MoneysUITests.framework in Frameworks */,
			);
			runOnlyForDeploymentPostprocessing = 0;
		};
/* End PBXFrameworksBuildPhase section */

/* Begin PBXGroup section */
		7057A46E220F5DE1009F2F0D = {
			isa = PBXGroup;
			children = (
				7057A479220F5DE2009F2F0D /* Moneys */,
				7057A48E220F5DE2009F2F0D /* MoneysTests */,
				7057A499220F5DE2009F2F0D /* MoneysUITests */,
				7057A478220F5DE2009F2F0D /* Products */,
				EC14271C4F5775699900DA1D /* Pods */,
				B1F1C478C11B66904EABECE9 /* Frameworks */,
			);
			sourceTree = "<group>";
		};
		7057A478220F5DE2009F2F0D /* Products */ = {
			isa = PBXGroup;
			children = (
				7057A477220F5DE2009F2F0D /* Moneys.app */,
				7057A48B220F5DE2009F2F0D /* MoneysTests.xctest */,
				7057A496220F5DE2009F2F0D /* MoneysUITests.xctest */,
			);
			name = Products;
			sourceTree = "<group>";
		};
		7057A479220F5DE2009F2F0D /* Moneys */ = {
			isa = PBXGroup;
			children = (
				7057A4BE220F5E4B009F2F0D /* Resources */,
				7057A4AB220F5E4B009F2F0D /* RIBs */,
				7057A4C3220F5E4B009F2F0D /* Utils */,
			);
			path = Moneys;
			sourceTree = "<group>";
		};
		7057A48E220F5DE2009F2F0D /* MoneysTests */ = {
			isa = PBXGroup;
			children = (
				7057A48F220F5DE2009F2F0D /* MoneysTests.swift */,
				7057A491220F5DE2009F2F0D /* Info.plist */,
			);
			path = MoneysTests;
			sourceTree = "<group>";
		};
		7057A499220F5DE2009F2F0D /* MoneysUITests */ = {
			isa = PBXGroup;
			children = (
				7057A49A220F5DE2009F2F0D /* MoneysUITests.swift */,
				7057A49C220F5DE2009F2F0D /* Info.plist */,
			);
			path = MoneysUITests;
			sourceTree = "<group>";
		};
		7057A4AB220F5E4B009F2F0D /* RIBs */ = {
			isa = PBXGroup;
			children = (
				7057A4AC220F5E4B009F2F0D /* Home */,
				7057A4B1220F5E4B009F2F0D /* Card */,
				7057A4B4220F5E4B009F2F0D /* LoggedIn */,
				7057A4B8220F5E4B009F2F0D /* Root */,
			);
			path = RIBs;
			sourceTree = "<group>";
		};
		7057A4AC220F5E4B009F2F0D /* Home */ = {
			isa = PBXGroup;
			children = (
				7057A4AD220F5E4B009F2F0D /* HomeInteractor.swift */,
				7057A4AE220F5E4B009F2F0D /* HomeViewController.swift */,
				7057A4AF220F5E4B009F2F0D /* HomeRouter.swift */,
				7057A4B0220F5E4B009F2F0D /* HomeBuilder.swift */,
			);
			path = Home;
			sourceTree = "<group>";
		};
		7057A4B1220F5E4B009F2F0D /* Card */ = {
			isa = PBXGroup;
			children = (
				7057A4B2220F5E4B009F2F0D /* CardView.swift */,
				7057A4B3220F5E4B009F2F0D /* CardTableViewCell.swift */,
			);
			path = Card;
			sourceTree = "<group>";
		};
		7057A4B4220F5E4B009F2F0D /* LoggedIn */ = {
			isa = PBXGroup;
			children = (
				7057A4B5220F5E4B009F2F0D /* LoggedInBuilder.swift */,
				7057A4B6220F5E4B009F2F0D /* LoggedInRouter.swift */,
				7057A4B7220F5E4B009F2F0D /* LoggedInInteractor.swift */,
			);
			path = LoggedIn;
			sourceTree = "<group>";
		};
		7057A4B8220F5E4B009F2F0D /* Root */ = {
			isa = PBXGroup;
			children = (
				7057A4B9220F5E4B009F2F0D /* RootInteractor.swift */,
				7057A4BA220F5E4B009F2F0D /* RootViewController.swift */,
				7057A4BB220F5E4B009F2F0D /* RootComponent+LoggedIn.swift */,
				7057A4BC220F5E4B009F2F0D /* RootRouter.swift */,
				7057A4BD220F5E4B009F2F0D /* RootBuilder.swift */,
			);
			path = Root;
			sourceTree = "<group>";
		};
		7057A4BE220F5E4B009F2F0D /* Resources */ = {
			isa = PBXGroup;
			children = (
				7057A512220F5FC9009F2F0D /* Assets.xcassets */,
				7057A513220F5FC9009F2F0D /* LaunchScreen.storyboard */,
				7057A4BF220F5E4B009F2F0D /* App Start */,
				7057A4C2220F5E4B009F2F0D /* Info.plist */,
			);
			path = Resources;
			sourceTree = "<group>";
		};
		7057A4BF220F5E4B009F2F0D /* App Start */ = {
			isa = PBXGroup;
			children = (
				7057A4C0220F5E4B009F2F0D /* AppComponent.swift */,
				7057A4C1220F5E4B009F2F0D /* AppDelegate.swift */,
			);
			path = "App Start";
			sourceTree = "<group>";
		};
		7057A4C3220F5E4B009F2F0D /* Utils */ = {
			isa = PBXGroup;
			children = (
				7057A4C4220F5E4B009F2F0D /* SharedUI */,
			);
			path = Utils;
			sourceTree = "<group>";
		};
		7057A4C4220F5E4B009F2F0D /* SharedUI */ = {
			isa = PBXGroup;
			children = (
				7057A4C5220F5E4B009F2F0D /* View.swift */,
			);
			path = SharedUI;
			sourceTree = "<group>";
		};
		B1F1C478C11B66904EABECE9 /* Frameworks */ = {
			isa = PBXGroup;
			children = (
				2D75CD84BDEFDD86D2C6BCCE /* Pods_Moneys.framework */,
				4008A62C9853BCDFD59D4D83 /* Pods_MoneysTests.framework */,
				DEAB90E4AE1FD1B3C26566C6 /* Pods_MoneysUITests.framework */,
			);
			name = Frameworks;
			sourceTree = "<group>";
		};
		EC14271C4F5775699900DA1D /* Pods */ = {
			isa = PBXGroup;
			children = (
				01051AC10737E4CFE10AFFF5 /* Pods-Moneys.debug.xcconfig */,
				BB2ED59CED803FC70C9B0725 /* Pods-Moneys.release.xcconfig */,
				CA72873804064D625935CD59 /* Pods-MoneysTests.debug.xcconfig */,
				AF006613C6DFD981DE84589B /* Pods-MoneysTests.release.xcconfig */,
				A934F5115AFC4417C76FDE34 /* Pods-MoneysUITests.debug.xcconfig */,
				C1A855CF9F4EB042B4A638A2 /* Pods-MoneysUITests.release.xcconfig */,
			);
			name = Pods;
			sourceTree = "<group>";
		};
/* End PBXGroup section */

/* Begin PBXNativeTarget section */
		7057A476220F5DE2009F2F0D /* Moneys */ = {
			isa = PBXNativeTarget;
			buildConfigurationList = 7057A49F220F5DE2009F2F0D /* Build configuration list for PBXNativeTarget "Moneys" */;
			buildPhases = (
				79054DA7935C2B9941F0E6C5 /* [CP] Check Pods Manifest.lock */,
				7057A473220F5DE2009F2F0D /* Sources */,
				7057A474220F5DE2009F2F0D /* Frameworks */,
				7057A475220F5DE2009F2F0D /* Resources */,
				47CE2AB1EE1193C5160DEB7A /* [CP] Embed Pods Frameworks */,
			);
			buildRules = (
			);
			dependencies = (
			);
			name = Moneys;
			productName = Moneys;
			productReference = 7057A477220F5DE2009F2F0D /* Moneys.app */;
			productType = "com.apple.product-type.application";
		};
		7057A48A220F5DE2009F2F0D /* MoneysTests */ = {
			isa = PBXNativeTarget;
			buildConfigurationList = 7057A4A2220F5DE2009F2F0D /* Build configuration list for PBXNativeTarget "MoneysTests" */;
			buildPhases = (
				B71EB1F56DDF27EE7A06EF50 /* [CP] Check Pods Manifest.lock */,
				7057A487220F5DE2009F2F0D /* Sources */,
				7057A488220F5DE2009F2F0D /* Frameworks */,
				7057A489220F5DE2009F2F0D /* Resources */,
			);
			buildRules = (
			);
			dependencies = (
				7057A48D220F5DE2009F2F0D /* PBXTargetDependency */,
			);
			name = MoneysTests;
			productName = MoneysTests;
			productReference = 7057A48B220F5DE2009F2F0D /* MoneysTests.xctest */;
			productType = "com.apple.product-type.bundle.unit-test";
		};
		7057A495220F5DE2009F2F0D /* MoneysUITests */ = {
			isa = PBXNativeTarget;
			buildConfigurationList = 7057A4A5220F5DE2009F2F0D /* Build configuration list for PBXNativeTarget "MoneysUITests" */;
			buildPhases = (
				9D430243313EB4219AA76BAF /* [CP] Check Pods Manifest.lock */,
				7057A492220F5DE2009F2F0D /* Sources */,
				7057A493220F5DE2009F2F0D /* Frameworks */,
				7057A494220F5DE2009F2F0D /* Resources */,
			);
			buildRules = (
			);
			dependencies = (
				7057A498220F5DE2009F2F0D /* PBXTargetDependency */,
			);
			name = MoneysUITests;
			productName = MoneysUITests;
			productReference = 7057A496220F5DE2009F2F0D /* MoneysUITests.xctest */;
			productType = "com.apple.product-type.bundle.ui-testing";
		};
/* End PBXNativeTarget section */

/* Begin PBXProject section */
		7057A46F220F5DE1009F2F0D /* Project object */ = {
			isa = PBXProject;
			attributes = {
				LastSwiftUpdateCheck = 1010;
				LastUpgradeCheck = 1010;
				ORGANIZATIONNAME = "Arthur Papailhau";
				TargetAttributes = {
					7057A476220F5DE2009F2F0D = {
						CreatedOnToolsVersion = 10.1;
					};
					7057A48A220F5DE2009F2F0D = {
						CreatedOnToolsVersion = 10.1;
						TestTargetID = 7057A476220F5DE2009F2F0D;
					};
					7057A495220F5DE2009F2F0D = {
						CreatedOnToolsVersion = 10.1;
						TestTargetID = 7057A476220F5DE2009F2F0D;
					};
				};
			};
			buildConfigurationList = 7057A472220F5DE1009F2F0D /* Build configuration list for PBXProject "Moneys" */;
			compatibilityVersion = "Xcode 9.3";
			developmentRegion = en;
			hasScannedForEncodings = 0;
			knownRegions = (
				en,
				Base,
			);
			mainGroup = 7057A46E220F5DE1009F2F0D;
			productRefGroup = 7057A478220F5DE2009F2F0D /* Products */;
			projectDirPath = "";
			projectRoot = "";
			targets = (
				7057A476220F5DE2009F2F0D /* Moneys */,
				7057A48A220F5DE2009F2F0D /* MoneysTests */,
				7057A495220F5DE2009F2F0D /* MoneysUITests */,
			);
		};
/* End PBXProject section */

/* Begin PBXResourcesBuildPhase section */
		7057A475220F5DE2009F2F0D /* Resources */ = {
			isa = PBXResourcesBuildPhase;
			buildActionMask = 2147483647;
			files = (
				7057A515220F5FC9009F2F0D /* LaunchScreen.storyboard in Resources */,
				7057A514220F5FC9009F2F0D /* Assets.xcassets in Resources */,
			);
			runOnlyForDeploymentPostprocessing = 0;
		};
		7057A489220F5DE2009F2F0D /* Resources */ = {
			isa = PBXResourcesBuildPhase;
			buildActionMask = 2147483647;
			files = (
			);
			runOnlyForDeploymentPostprocessing = 0;
		};
		7057A494220F5DE2009F2F0D /* Resources */ = {
			isa = PBXResourcesBuildPhase;
			buildActionMask = 2147483647;
			files = (
			);
			runOnlyForDeploymentPostprocessing = 0;
		};
/* End PBXResourcesBuildPhase section */

/* Begin PBXShellScriptBuildPhase section */
		47CE2AB1EE1193C5160DEB7A /* [CP] Embed Pods Frameworks */ = {
			isa = PBXShellScriptBuildPhase;
			buildActionMask = 2147483647;
			files = (
			);
			inputFileListPaths = (
			);
			inputPaths = (
				"${SRCROOT}/Pods/Target Support Files/Pods-Moneys/Pods-Moneys-frameworks.sh",
				"${BUILT_PRODUCTS_DIR}/RIBs/RIBs.framework",
				"${BUILT_PRODUCTS_DIR}/RxAtomic/RxAtomic.framework",
				"${BUILT_PRODUCTS_DIR}/RxCocoa/RxCocoa.framework",
				"${BUILT_PRODUCTS_DIR}/RxSwift/RxSwift.framework",
				"${BUILT_PRODUCTS_DIR}/SnapKit/SnapKit.framework",
			);
			name = "[CP] Embed Pods Frameworks";
			outputFileListPaths = (
			);
			outputPaths = (
				"${TARGET_BUILD_DIR}/${FRAMEWORKS_FOLDER_PATH}/RIBs.framework",
				"${TARGET_BUILD_DIR}/${FRAMEWORKS_FOLDER_PATH}/RxAtomic.framework",
				"${TARGET_BUILD_DIR}/${FRAMEWORKS_FOLDER_PATH}/RxCocoa.framework",
				"${TARGET_BUILD_DIR}/${FRAMEWORKS_FOLDER_PATH}/RxSwift.framework",
				"${TARGET_BUILD_DIR}/${FRAMEWORKS_FOLDER_PATH}/SnapKit.framework",
			);
			runOnlyForDeploymentPostprocessing = 0;
			shellPath = /bin/sh;
			shellScript = "\"${SRCROOT}/Pods/Target Support Files/Pods-Moneys/Pods-Moneys-frameworks.sh\"\n";
			showEnvVarsInLog = 0;
		};
		79054DA7935C2B9941F0E6C5 /* [CP] Check Pods Manifest.lock */ = {
			isa = PBXShellScriptBuildPhase;
			buildActionMask = 2147483647;
			files = (
			);
			inputFileListPaths = (
			);
			inputPaths = (
				"${PODS_PODFILE_DIR_PATH}/Podfile.lock",
				"${PODS_ROOT}/Manifest.lock",
			);
			name = "[CP] Check Pods Manifest.lock";
			outputFileListPaths = (
			);
			outputPaths = (
				"$(DERIVED_FILE_DIR)/Pods-Moneys-checkManifestLockResult.txt",
			);
			runOnlyForDeploymentPostprocessing = 0;
			shellPath = /bin/sh;
			shellScript = "diff \"${PODS_PODFILE_DIR_PATH}/Podfile.lock\" \"${PODS_ROOT}/Manifest.lock\" > /dev/null\nif [ $? != 0 ] ; then\n    # print error to STDERR\n    echo \"error: The sandbox is not in sync with the Podfile.lock. Run 'pod install' or update your CocoaPods installation.\" >&2\n    exit 1\nfi\n# This output is used by Xcode 'outputs' to avoid re-running this script phase.\necho \"SUCCESS\" > \"${SCRIPT_OUTPUT_FILE_0}\"\n";
			showEnvVarsInLog = 0;
		};
		9D430243313EB4219AA76BAF /* [CP] Check Pods Manifest.lock */ = {
			isa = PBXShellScriptBuildPhase;
			buildActionMask = 2147483647;
			files = (
			);
			inputFileListPaths = (
			);
			inputPaths = (
				"${PODS_PODFILE_DIR_PATH}/Podfile.lock",
				"${PODS_ROOT}/Manifest.lock",
			);
			name = "[CP] Check Pods Manifest.lock";
			outputFileListPaths = (
			);
			outputPaths = (
				"$(DERIVED_FILE_DIR)/Pods-MoneysUITests-checkManifestLockResult.txt",
			);
			runOnlyForDeploymentPostprocessing = 0;
			shellPath = /bin/sh;
			shellScript = "diff \"${PODS_PODFILE_DIR_PATH}/Podfile.lock\" \"${PODS_ROOT}/Manifest.lock\" > /dev/null\nif [ $? != 0 ] ; then\n    # print error to STDERR\n    echo \"error: The sandbox is not in sync with the Podfile.lock. Run 'pod install' or update your CocoaPods installation.\" >&2\n    exit 1\nfi\n# This output is used by Xcode 'outputs' to avoid re-running this script phase.\necho \"SUCCESS\" > \"${SCRIPT_OUTPUT_FILE_0}\"\n";
			showEnvVarsInLog = 0;
		};
		B71EB1F56DDF27EE7A06EF50 /* [CP] Check Pods Manifest.lock */ = {
			isa = PBXShellScriptBuildPhase;
			buildActionMask = 2147483647;
			files = (
			);
			inputFileListPaths = (
			);
			inputPaths = (
				"${PODS_PODFILE_DIR_PATH}/Podfile.lock",
				"${PODS_ROOT}/Manifest.lock",
			);
			name = "[CP] Check Pods Manifest.lock";
			outputFileListPaths = (
			);
			outputPaths = (
				"$(DERIVED_FILE_DIR)/Pods-MoneysTests-checkManifestLockResult.txt",
			);
			runOnlyForDeploymentPostprocessing = 0;
			shellPath = /bin/sh;
			shellScript = "diff \"${PODS_PODFILE_DIR_PATH}/Podfile.lock\" \"${PODS_ROOT}/Manifest.lock\" > /dev/null\nif [ $? != 0 ] ; then\n    # print error to STDERR\n    echo \"error: The sandbox is not in sync with the Podfile.lock. Run 'pod install' or update your CocoaPods installation.\" >&2\n    exit 1\nfi\n# This output is used by Xcode 'outputs' to avoid re-running this script phase.\necho \"SUCCESS\" > \"${SCRIPT_OUTPUT_FILE_0}\"\n";
			showEnvVarsInLog = 0;
		};
/* End PBXShellScriptBuildPhase section */

/* Begin PBXSourcesBuildPhase section */
		7057A473220F5DE2009F2F0D /* Sources */ = {
			isa = PBXSourcesBuildPhase;
			buildActionMask = 2147483647;
			files = (
				7057A4CA220F5E4B009F2F0D /* CardView.swift in Sources */,
				7057A4D2220F5E4B009F2F0D /* RootRouter.swift in Sources */,
				7057A4CD220F5E4B009F2F0D /* LoggedInRouter.swift in Sources */,
				7057A4D4220F5E4B009F2F0D /* AppComponent.swift in Sources */,
				7057A4C9220F5E4B009F2F0D /* HomeBuilder.swift in Sources */,
				7057A4CE220F5E4B009F2F0D /* LoggedInInteractor.swift in Sources */,
				7057A4D7220F5E4B009F2F0D /* View.swift in Sources */,
				7057A4D0220F5E4B009F2F0D /* RootViewController.swift in Sources */,
				7057A4C6220F5E4B009F2F0D /* HomeInteractor.swift in Sources */,
				7057A4D3220F5E4B009F2F0D /* RootBuilder.swift in Sources */,
				7057A4CF220F5E4B009F2F0D /* RootInteractor.swift in Sources */,
				7057A4CC220F5E4B009F2F0D /* LoggedInBuilder.swift in Sources */,
				7057A4D5220F5E4B009F2F0D /* AppDelegate.swift in Sources */,
				7057A4D1220F5E4B009F2F0D /* RootComponent+LoggedIn.swift in Sources */,
				7057A4C7220F5E4B009F2F0D /* HomeViewController.swift in Sources */,
				7057A4C8220F5E4B009F2F0D /* HomeRouter.swift in Sources */,
				7057A4CB220F5E4B009F2F0D /* CardTableViewCell.swift in Sources */,
			);
			runOnlyForDeploymentPostprocessing = 0;
		};
		7057A487220F5DE2009F2F0D /* Sources */ = {
			isa = PBXSourcesBuildPhase;
			buildActionMask = 2147483647;
			files = (
				7057A490220F5DE2009F2F0D /* MoneysTests.swift in Sources */,
			);
			runOnlyForDeploymentPostprocessing = 0;
		};
		7057A492220F5DE2009F2F0D /* Sources */ = {
			isa = PBXSourcesBuildPhase;
			buildActionMask = 2147483647;
			files = (
				7057A49B220F5DE2009F2F0D /* MoneysUITests.swift in Sources */,
			);
			runOnlyForDeploymentPostprocessing = 0;
		};
/* End PBXSourcesBuildPhase section */

/* Begin PBXTargetDependency section */
		7057A48D220F5DE2009F2F0D /* PBXTargetDependency */ = {
			isa = PBXTargetDependency;
			target = 7057A476220F5DE2009F2F0D /* Moneys */;
			targetProxy = 7057A48C220F5DE2009F2F0D /* PBXContainerItemProxy */;
		};
		7057A498220F5DE2009F2F0D /* PBXTargetDependency */ = {
			isa = PBXTargetDependency;
			target = 7057A476220F5DE2009F2F0D /* Moneys */;
			targetProxy = 7057A497220F5DE2009F2F0D /* PBXContainerItemProxy */;
		};
/* End PBXTargetDependency section */

/* Begin XCBuildConfiguration section */
		7057A49D220F5DE2009F2F0D /* Debug */ = {
			isa = XCBuildConfiguration;
			buildSettings = {
				ALWAYS_SEARCH_USER_PATHS = NO;
				CLANG_ANALYZER_NONNULL = YES;
				CLANG_ANALYZER_NUMBER_OBJECT_CONVERSION = YES_AGGRESSIVE;
				CLANG_CXX_LANGUAGE_STANDARD = "gnu++14";
				CLANG_CXX_LIBRARY = "libc++";
				CLANG_ENABLE_MODULES = YES;
				CLANG_ENABLE_OBJC_ARC = YES;
				CLANG_ENABLE_OBJC_WEAK = YES;
				CLANG_WARN_BLOCK_CAPTURE_AUTORELEASING = YES;
				CLANG_WARN_BOOL_CONVERSION = YES;
				CLANG_WARN_COMMA = YES;
				CLANG_WARN_CONSTANT_CONVERSION = YES;
				CLANG_WARN_DEPRECATED_OBJC_IMPLEMENTATIONS = YES;
				CLANG_WARN_DIRECT_OBJC_ISA_USAGE = YES_ERROR;
				CLANG_WARN_DOCUMENTATION_COMMENTS = YES;
				CLANG_WARN_EMPTY_BODY = YES;
				CLANG_WARN_ENUM_CONVERSION = YES;
				CLANG_WARN_INFINITE_RECURSION = YES;
				CLANG_WARN_INT_CONVERSION = YES;
				CLANG_WARN_NON_LITERAL_NULL_CONVERSION = YES;
				CLANG_WARN_OBJC_IMPLICIT_RETAIN_SELF = YES;
				CLANG_WARN_OBJC_LITERAL_CONVERSION = YES;
				CLANG_WARN_OBJC_ROOT_CLASS = YES_ERROR;
				CLANG_WARN_RANGE_LOOP_ANALYSIS = YES;
				CLANG_WARN_STRICT_PROTOTYPES = YES;
				CLANG_WARN_SUSPICIOUS_MOVE = YES;
				CLANG_WARN_UNGUARDED_AVAILABILITY = YES_AGGRESSIVE;
				CLANG_WARN_UNREACHABLE_CODE = YES;
				CLANG_WARN__DUPLICATE_METHOD_MATCH = YES;
				CODE_SIGN_IDENTITY = "iPhone Developer";
				COPY_PHASE_STRIP = NO;
				DEBUG_INFORMATION_FORMAT = dwarf;
				ENABLE_STRICT_OBJC_MSGSEND = YES;
				ENABLE_TESTABILITY = YES;
				GCC_C_LANGUAGE_STANDARD = gnu11;
				GCC_DYNAMIC_NO_PIC = NO;
				GCC_NO_COMMON_BLOCKS = YES;
				GCC_OPTIMIZATION_LEVEL = 0;
				GCC_PREPROCESSOR_DEFINITIONS = (
					"DEBUG=1",
					"$(inherited)",
				);
				GCC_WARN_64_TO_32_BIT_CONVERSION = YES;
				GCC_WARN_ABOUT_RETURN_TYPE = YES_ERROR;
				GCC_WARN_UNDECLARED_SELECTOR = YES;
				GCC_WARN_UNINITIALIZED_AUTOS = YES_AGGRESSIVE;
				GCC_WARN_UNUSED_FUNCTION = YES;
				GCC_WARN_UNUSED_VARIABLE = YES;
				IPHONEOS_DEPLOYMENT_TARGET = 12.1;
				MTL_ENABLE_DEBUG_INFO = INCLUDE_SOURCE;
				MTL_FAST_MATH = YES;
				ONLY_ACTIVE_ARCH = YES;
				SDKROOT = iphoneos;
				SWIFT_ACTIVE_COMPILATION_CONDITIONS = DEBUG;
				SWIFT_OPTIMIZATION_LEVEL = "-Onone";
			};
			name = Debug;
		};
		7057A49E220F5DE2009F2F0D /* Release */ = {
			isa = XCBuildConfiguration;
			buildSettings = {
				ALWAYS_SEARCH_USER_PATHS = NO;
				CLANG_ANALYZER_NONNULL = YES;
				CLANG_ANALYZER_NUMBER_OBJECT_CONVERSION = YES_AGGRESSIVE;
				CLANG_CXX_LANGUAGE_STANDARD = "gnu++14";
				CLANG_CXX_LIBRARY = "libc++";
				CLANG_ENABLE_MODULES = YES;
				CLANG_ENABLE_OBJC_ARC = YES;
				CLANG_ENABLE_OBJC_WEAK = YES;
				CLANG_WARN_BLOCK_CAPTURE_AUTORELEASING = YES;
				CLANG_WARN_BOOL_CONVERSION = YES;
				CLANG_WARN_COMMA = YES;
				CLANG_WARN_CONSTANT_CONVERSION = YES;
				CLANG_WARN_DEPRECATED_OBJC_IMPLEMENTATIONS = YES;
				CLANG_WARN_DIRECT_OBJC_ISA_USAGE = YES_ERROR;
				CLANG_WARN_DOCUMENTATION_COMMENTS = YES;
				CLANG_WARN_EMPTY_BODY = YES;
				CLANG_WARN_ENUM_CONVERSION = YES;
				CLANG_WARN_INFINITE_RECURSION = YES;
				CLANG_WARN_INT_CONVERSION = YES;
				CLANG_WARN_NON_LITERAL_NULL_CONVERSION = YES;
				CLANG_WARN_OBJC_IMPLICIT_RETAIN_SELF = YES;
				CLANG_WARN_OBJC_LITERAL_CONVERSION = YES;
				CLANG_WARN_OBJC_ROOT_CLASS = YES_ERROR;
				CLANG_WARN_RANGE_LOOP_ANALYSIS = YES;
				CLANG_WARN_STRICT_PROTOTYPES = YES;
				CLANG_WARN_SUSPICIOUS_MOVE = YES;
				CLANG_WARN_UNGUARDED_AVAILABILITY = YES_AGGRESSIVE;
				CLANG_WARN_UNREACHABLE_CODE = YES;
				CLANG_WARN__DUPLICATE_METHOD_MATCH = YES;
				CODE_SIGN_IDENTITY = "iPhone Developer";
				COPY_PHASE_STRIP = NO;
				DEBUG_INFORMATION_FORMAT = "dwarf-with-dsym";
				ENABLE_NS_ASSERTIONS = NO;
				ENABLE_STRICT_OBJC_MSGSEND = YES;
				GCC_C_LANGUAGE_STANDARD = gnu11;
				GCC_NO_COMMON_BLOCKS = YES;
				GCC_WARN_64_TO_32_BIT_CONVERSION = YES;
				GCC_WARN_ABOUT_RETURN_TYPE = YES_ERROR;
				GCC_WARN_UNDECLARED_SELECTOR = YES;
				GCC_WARN_UNINITIALIZED_AUTOS = YES_AGGRESSIVE;
				GCC_WARN_UNUSED_FUNCTION = YES;
				GCC_WARN_UNUSED_VARIABLE = YES;
				IPHONEOS_DEPLOYMENT_TARGET = 12.1;
				MTL_ENABLE_DEBUG_INFO = NO;
				MTL_FAST_MATH = YES;
				SDKROOT = iphoneos;
				SWIFT_COMPILATION_MODE = wholemodule;
				SWIFT_OPTIMIZATION_LEVEL = "-O";
				VALIDATE_PRODUCT = YES;
			};
			name = Release;
		};
		7057A4A0220F5DE2009F2F0D /* Debug */ = {
			isa = XCBuildConfiguration;
			baseConfigurationReference = 01051AC10737E4CFE10AFFF5 /* Pods-Moneys.debug.xcconfig */;
			buildSettings = {
				CODE_SIGN_STYLE = Automatic;
				DEVELOPMENT_TEAM = Q4B996RU7K;
				INFOPLIST_FILE = Moneys/Resources/Info.plist;
				LD_RUNPATH_SEARCH_PATHS = (
					"$(inherited)",
					"@executable_path/Frameworks",
				);
				PRODUCT_BUNDLE_IDENTIFIER = com.arthur.moneys.Moneys;
				PRODUCT_NAME = "$(TARGET_NAME)";
				SWIFT_VERSION = 4.2;
				TARGETED_DEVICE_FAMILY = "1,2";
			};
			name = Debug;
		};
		7057A4A1220F5DE2009F2F0D /* Release */ = {
			isa = XCBuildConfiguration;
			baseConfigurationReference = BB2ED59CED803FC70C9B0725 /* Pods-Moneys.release.xcconfig */;
			buildSettings = {
				CODE_SIGN_STYLE = Automatic;
				DEVELOPMENT_TEAM = Q4B996RU7K;
				INFOPLIST_FILE = Moneys/Resources/Info.plist;
				LD_RUNPATH_SEARCH_PATHS = (
					"$(inherited)",
					"@executable_path/Frameworks",
				);
				PRODUCT_BUNDLE_IDENTIFIER = com.arthur.moneys.Moneys;
				PRODUCT_NAME = "$(TARGET_NAME)";
				SWIFT_VERSION = 4.2;
				TARGETED_DEVICE_FAMILY = "1,2";
			};
			name = Release;
		};
		7057A4A3220F5DE2009F2F0D /* Debug */ = {
			isa = XCBuildConfiguration;
			baseConfigurationReference = CA72873804064D625935CD59 /* Pods-MoneysTests.debug.xcconfig */;
			buildSettings = {
				ALWAYS_EMBED_SWIFT_STANDARD_LIBRARIES = YES;
				BUNDLE_LOADER = "$(TEST_HOST)";
				CODE_SIGN_STYLE = Automatic;
				DEVELOPMENT_TEAM = Q4B996RU7K;
				INFOPLIST_FILE = MoneysTests/Info.plist;
				LD_RUNPATH_SEARCH_PATHS = (
					"$(inherited)",
					"@executable_path/Frameworks",
					"@loader_path/Frameworks",
				);
				PRODUCT_BUNDLE_IDENTIFIER = com.arthur.moneys.MoneysTests;
				PRODUCT_NAME = "$(TARGET_NAME)";
				SWIFT_VERSION = 4.2;
				TARGETED_DEVICE_FAMILY = "1,2";
				TEST_HOST = "$(BUILT_PRODUCTS_DIR)/Moneys.app/Moneys";
			};
			name = Debug;
		};
		7057A4A4220F5DE2009F2F0D /* Release */ = {
			isa = XCBuildConfiguration;
			baseConfigurationReference = AF006613C6DFD981DE84589B /* Pods-MoneysTests.release.xcconfig */;
			buildSettings = {
				ALWAYS_EMBED_SWIFT_STANDARD_LIBRARIES = YES;
				BUNDLE_LOADER = "$(TEST_HOST)";
				CODE_SIGN_STYLE = Automatic;
				DEVELOPMENT_TEAM = Q4B996RU7K;
				INFOPLIST_FILE = MoneysTests/Info.plist;
				LD_RUNPATH_SEARCH_PATHS = (
					"$(inherited)",
					"@executable_path/Frameworks",
					"@loader_path/Frameworks",
				);
				PRODUCT_BUNDLE_IDENTIFIER = com.arthur.moneys.MoneysTests;
				PRODUCT_NAME = "$(TARGET_NAME)";
				SWIFT_VERSION = 4.2;
				TARGETED_DEVICE_FAMILY = "1,2";
				TEST_HOST = "$(BUILT_PRODUCTS_DIR)/Moneys.app/Moneys";
			};
			name = Release;
		};
		7057A4A6220F5DE2009F2F0D /* Debug */ = {
			isa = XCBuildConfiguration;
			baseConfigurationReference = A934F5115AFC4417C76FDE34 /* Pods-MoneysUITests.debug.xcconfig */;
			buildSettings = {
				ALWAYS_EMBED_SWIFT_STANDARD_LIBRARIES = YES;
				CODE_SIGN_STYLE = Automatic;
				DEVELOPMENT_TEAM = Q4B996RU7K;
				INFOPLIST_FILE = MoneysUITests/Info.plist;
				LD_RUNPATH_SEARCH_PATHS = (
					"$(inherited)",
					"@executable_path/Frameworks",
					"@loader_path/Frameworks",
				);
				PRODUCT_BUNDLE_IDENTIFIER = com.arthur.moneys.MoneysUITests;
				PRODUCT_NAME = "$(TARGET_NAME)";
				SWIFT_VERSION = 4.2;
				TARGETED_DEVICE_FAMILY = "1,2";
				TEST_TARGET_NAME = Moneys;
			};
			name = Debug;
		};
		7057A4A7220F5DE2009F2F0D /* Release */ = {
			isa = XCBuildConfiguration;
			baseConfigurationReference = C1A855CF9F4EB042B4A638A2 /* Pods-MoneysUITests.release.xcconfig */;
			buildSettings = {
				ALWAYS_EMBED_SWIFT_STANDARD_LIBRARIES = YES;
				CODE_SIGN_STYLE = Automatic;
				DEVELOPMENT_TEAM = Q4B996RU7K;
				INFOPLIST_FILE = MoneysUITests/Info.plist;
				LD_RUNPATH_SEARCH_PATHS = (
					"$(inherited)",
					"@executable_path/Frameworks",
					"@loader_path/Frameworks",
				);
				PRODUCT_BUNDLE_IDENTIFIER = com.arthur.moneys.MoneysUITests;
				PRODUCT_NAME = "$(TARGET_NAME)";
				SWIFT_VERSION = 4.2;
				TARGETED_DEVICE_FAMILY = "1,2";
				TEST_TARGET_NAME = Moneys;
			};
			name = Release;
		};
/* End XCBuildConfiguration section */

/* Begin XCConfigurationList section */
		7057A472220F5DE1009F2F0D /* Build configuration list for PBXProject "Moneys" */ = {
			isa = XCConfigurationList;
			buildConfigurations = (
				7057A49D220F5DE2009F2F0D /* Debug */,
				7057A49E220F5DE2009F2F0D /* Release */,
			);
			defaultConfigurationIsVisible = 0;
			defaultConfigurationName = Release;
		};
		7057A49F220F5DE2009F2F0D /* Build configuration list for PBXNativeTarget "Moneys" */ = {
			isa = XCConfigurationList;
			buildConfigurations = (
				7057A4A0220F5DE2009F2F0D /* Debug */,
				7057A4A1220F5DE2009F2F0D /* Release */,
			);
			defaultConfigurationIsVisible = 0;
			defaultConfigurationName = Release;
		};
		7057A4A2220F5DE2009F2F0D /* Build configuration list for PBXNativeTarget "MoneysTests" */ = {
			isa = XCConfigurationList;
			buildConfigurations = (
				7057A4A3220F5DE2009F2F0D /* Debug */,
				7057A4A4220F5DE2009F2F0D /* Release */,
			);
			defaultConfigurationIsVisible = 0;
			defaultConfigurationName = Release;
		};
		7057A4A5220F5DE2009F2F0D /* Build configuration list for PBXNativeTarget "MoneysUITests" */ = {
			isa = XCConfigurationList;
			buildConfigurations = (
				7057A4A6220F5DE2009F2F0D /* Debug */,
				7057A4A7220F5DE2009F2F0D /* Release */,
			);
			defaultConfigurationIsVisible = 0;
			defaultConfigurationName = Release;
		};
/* End XCConfigurationList section */
	};
	rootObject = 7057A46F220F5DE1009F2F0D /* Project object */;
}
